# This file is generated by running "yarn install" inside your project.
# Manual changes might be lost - proceed with caution!

__metadata:
  version: 8
  cacheKey: 10c0

"csstype@npm:3.0.10":
  version: 3.0.10
  resolution: "csstype@npm:3.0.10"
  checksum: 10c0/f0fff671ab368a863946859ad96be0be66afeb83566215d6494be840ffedfaef4945b48d1b0ce1a19f9983af772e0ce38c7be91a1ad46fe7ecd641937c5a99f7
  languageName: node
  linkType: hard

"free-style@npm:3.1.0":
  version: 3.1.0
  resolution: "free-style@npm:3.1.0"
  checksum: 10c0/0d50e734efcfe0f30c74f22ff0bad5810980e049be8e1a518596ee25b484ed60a15d7b8b2bf842ddcad1bb7866e1d2f4553155f990a04f1b760719c83720cd15
  languageName: node
  linkType: hard

"lodash.memoize@npm:^4.1.2":
  version: 4.1.2
  resolution: "lodash.memoize@npm:4.1.2"
  checksum: 10c0/c8713e51eccc650422716a14cece1809cfe34bc5ab5e242b7f8b4e2241c2483697b971a604252807689b9dd69bfe3a98852e19a5b89d506b000b4187a1285df8
  languageName: node
  linkType: hard

"msteams-icons@workspace:.":
  version: 0.0.0-use.local
  resolution: "msteams-icons@workspace:."
  dependencies:
    msteams-ui-icons-core: "npm:^0.4.2"
    typestyle: "npm:^2.4.0"
  languageName: unknown
  linkType: soft

"msteams-ui-icons-core@npm:^0.4.2":
  version: 0.4.2
  resolution: "msteams-ui-icons-core@npm:0.4.2"
  dependencies:
    lodash.memoize: "npm:^4.1.2"
  peerDependencies:
    typestyle: ^2.0.1
  checksum: 10c0/a1376a9332013ce274ebda9b70a13498050ded9020c11fa8764c3bd05609043e0307399012e92b48ab68c7f5dac6665abfc26d4ecb2bb5aed77aa7e355dde173
  languageName: node
  linkType: hard

"typestyle@npm:^2.4.0":
  version: 2.4.0
  resolution: "typestyle@npm:2.4.0"
  dependencies:
    csstype: "npm:3.0.10"
    free-style: "npm:3.1.0"
  checksum: 10c0/f86b73cf39b2d8e35ce37dcbe9b0c3693a7238895bde24232215506ad28ec315f2508a28dfbff8a68e1826785cfac078212c5dd16c13fd6ef25654747e6a956a
  languageName: node
  linkType: hard
